<?xml version="1.0" encoding="utf-8"?>
<Project ToolsVersion="4.0" xmlns="http://schemas.microsoft.com/developer/msbuild/2003">
  <ItemGroup>
    <Filter Include="Source Files">
      <UniqueIdentifier>{4FC737F1-C7A5-4376-A066-2A32D752A2FF}</UniqueIdentifier>
      <Extensions>cpp;c;cc;cxx;c++;cppm;ixx;def;odl;idl;hpj;bat;asm;asmx</Extensions>
    </Filter>
    <Filter Include="Header Files">
      <UniqueIdentifier>{93995380-89BD-4b04-88EB-625FBE52EBFB}</UniqueIdentifier>
      <Extensions>h;hh;hpp;hxx;h++;hm;inl;inc;ipp;xsd</Extensions>
    </Filter>
    <Filter Include="Resource Files">
      <UniqueIdentifier>{67DA6AB6-F800-4c08-8B7A-83BB121AAD01}</UniqueIdentifier>
      <Extensions>rc;ico;cur;bmp;dlg;rc2;rct;bin;rgs;gif;jpg;jpeg;jpe;resx;tiff;tif;png;wav;mfcribbon-ms</Extensions>
    </Filter>
    <Filter Include="Source Files\imgui">
      <UniqueIdentifier>{bfeb51c9-1930-4a7e-9ac7-1498704ef80a}</UniqueIdentifier>
    </Filter>
    <Filter Include="Source Files\core">
      <UniqueIdentifier>{3284a678-a53d-4c95-8c57-7a8df709d14d}</UniqueIdentifier>
    </Filter>
    <Filter Include="Header Files\Vendor">
      <UniqueIdentifier>{02aee2e0-280b-4bc8-84d6-41d649d90ef6}</UniqueIdentifier>
    </Filter>
    <Filter Include="Header Files\Vendor\imgui">
      <UniqueIdentifier>{6a9c4bfa-f7f0-43d6-9748-bf284edee197}</UniqueIdentifier>
    </Filter>
    <Filter Include="Header Files\Vendor\stb_image">
      <UniqueIdentifier>{d03b88ff-0fd7-478e-9380-954c7e1fc959}</UniqueIdentifier>
    </Filter>
    <Filter Include="Header Files\Core">
      <UniqueIdentifier>{c047e78d-7e7f-4894-953a-417b857cc2e9}</UniqueIdentifier>
    </Filter>
    <Filter Include="Source Files\Material">
      <UniqueIdentifier>{47077642-658e-4ae9-a4f4-13c9d58c760d}</UniqueIdentifier>
    </Filter>
    <Filter Include="Header Files\Material">
      <UniqueIdentifier>{1bb7a3dd-c1fd-4717-b0df-4b50e3f5c92d}</UniqueIdentifier>
    </Filter>
  </ItemGroup>
  <ItemGroup>
    <ClCompile Include="..\dependencies\include\imgui\imgui.cpp">
      <Filter>Source Files\imgui</Filter>
    </ClCompile>
    <ClCompile Include="..\dependencies\include\imgui\imgui_demo.cpp">
      <Filter>Source Files\imgui</Filter>
    </ClCompile>
    <ClCompile Include="..\dependencies\include\imgui\imgui_draw.cpp">
      <Filter>Source Files\imgui</Filter>
    </ClCompile>
    <ClCompile Include="..\dependencies\include\imgui\imgui_impl_glfw.cpp">
      <Filter>Source Files\imgui</Filter>
    </ClCompile>
    <ClCompile Include="..\dependencies\include\imgui\imgui_impl_vulkan.cpp">
      <Filter>Source Files\imgui</Filter>
    </ClCompile>
    <ClCompile Include="..\dependencies\include\imgui\imgui_tables.cpp">
      <Filter>Source Files\imgui</Filter>
    </ClCompile>
    <ClCompile Include="..\dependencies\include\imgui\imgui_widgets.cpp">
      <Filter>Source Files\imgui</Filter>
    </ClCompile>
    <ClCompile Include="Source.cpp">
      <Filter>Source Files</Filter>
    </ClCompile>
    <ClCompile Include="Image.cpp">
      <Filter>Source Files\core</Filter>
    </ClCompile>
    <ClCompile Include="MainApp.cpp">
      <Filter>Source Files\core</Filter>
    </ClCompile>
    <ClCompile Include="Renderer.cpp">
      <Filter>Source Files</Filter>
    </ClCompile>
    <ClCompile Include="Camera.cpp">
      <Filter>Source Files</Filter>
    </ClCompile>
    <ClCompile Include="Shapes.cpp">
      <Filter>Source Files</Filter>
    </ClCompile>
    <ClCompile Include="Phong.cpp">
      <Filter>Source Files\Material</Filter>
    </ClCompile>
    <ClCompile Include="CheckerBoardTexture.cpp">
      <Filter>Source Files</Filter>
    </ClCompile>
    <ClCompile Include="Scene.cpp">
      <Filter>Source Files</Filter>
    </ClCompile>
    <ClCompile Include="KDTree.cpp">
      <Filter>Source Files</Filter>
    </ClCompile>
    <ClCompile Include="KdNode.cpp">
      <Filter>Source Files</Filter>
    </ClCompile>
    <ClCompile Include="Voxel.cpp">
      <Filter>Source Files</Filter>
    </ClCompile>
  </ItemGroup>
  <ItemGroup>
    <ClInclude Include="..\dependencies\include\imgui\imconfig.h">
      <Filter>Header Files\Vendor\imgui</Filter>
    </ClInclude>
    <ClInclude Include="..\dependencies\include\imgui\imgui.h">
      <Filter>Header Files\Vendor\imgui</Filter>
    </ClInclude>
    <ClInclude Include="..\dependencies\include\imgui\imgui_impl_glfw.h">
      <Filter>Header Files\Vendor\imgui</Filter>
    </ClInclude>
    <ClInclude Include="..\dependencies\include\imgui\imgui_internal.h">
      <Filter>Header Files\Vendor\imgui</Filter>
    </ClInclude>
    <ClInclude Include="..\dependencies\include\imgui\imgui_impl_vulkan.h">
      <Filter>Header Files\Vendor\imgui</Filter>
    </ClInclude>
    <ClInclude Include="..\dependencies\include\imgui\imstb_textedit.h">
      <Filter>Header Files\Vendor\imgui</Filter>
    </ClInclude>
    <ClInclude Include="stb_image.h">
      <Filter>Header Files\Vendor\stb_image</Filter>
    </ClInclude>
    <ClInclude Include="Image.h">
      <Filter>Header Files\Core</Filter>
    </ClInclude>
    <ClInclude Include="ImguiFrame.h">
      <Filter>Header Files\Core</Filter>
    </ClInclude>
    <ClInclude Include="MainApp.h">
      <Filter>Header Files\Core</Filter>
    </ClInclude>
    <ClInclude Include="Renderer.h">
      <Filter>Header Files</Filter>
    </ClInclude>
    <ClInclude Include="Camera.h">
      <Filter>Header Files</Filter>
    </ClInclude>
    <ClInclude Include="Ray.h">
      <Filter>Header Files</Filter>
    </ClInclude>
    <ClInclude Include="Shapes.h">
      <Filter>Header Files</Filter>
    </ClInclude>
    <ClInclude Include="Material.h">
      <Filter>Header Files\Material</Filter>
    </ClInclude>
    <ClInclude Include="Phong.h">
      <Filter>Header Files\Material</Filter>
    </ClInclude>
    <ClInclude Include="Texture.h">
      <Filter>Header Files\Material</Filter>
    </ClInclude>
    <ClInclude Include="CheckerBoardTexture.h">
      <Filter>Header Files</Filter>
    </ClInclude>
    <ClInclude Include="ObjReader.h">
      <Filter>Header Files</Filter>
    </ClInclude>
    <ClInclude Include="Voxel.h">
      <Filter>Header Files</Filter>
    </ClInclude>
    <ClInclude Include="Scene.h">
      <Filter>Header Files</Filter>
    </ClInclude>
    <ClInclude Include="KDTree.h">
      <Filter>Header Files</Filter>
    </ClInclude>
    <ClInclude Include="KdNode.h">
      <Filter>Header Files</Filter>
    </ClInclude>
    <ClInclude Include="TriangleBoxIntersection.h">
      <Filter>Header Files</Filter>
    </ClInclude>
  </ItemGroup>
</Project>